{
  "version": 4,
  "terraform_version": "0.12.23",
  "serial": 11,
  "lineage": "6828e480-9a24-e5c1-4100-5839c1261f5d",
  "outputs": {},
  "resources": [
    {
      "module": "module.lambda",
      "mode": "data",
      "type": "aws_iam_policy_document",
      "name": "lambda_assume",
      "provider": "provider.aws",
      "instances": [
        {
          "schema_version": 0,
          "attributes": {
            "id": "3693445097",
            "json": "{\n  \"Version\": \"2012-10-17\",\n  \"Statement\": [\n    {\n      \"Sid\": \"\",\n      \"Effect\": \"Allow\",\n      \"Action\": \"sts:AssumeRole\",\n      \"Principal\": {\n        \"Service\": \"lambda.amazonaws.com\"\n      }\n    }\n  ]\n}",
            "override_json": null,
            "policy_id": null,
            "source_json": null,
            "statement": [
              {
                "actions": [
                  "sts:AssumeRole"
                ],
                "condition": [],
                "effect": "Allow",
                "not_actions": [],
                "not_principals": [],
                "not_resources": [],
                "principals": [
                  {
                    "identifiers": [
                      "lambda.amazonaws.com"
                    ],
                    "type": "Service"
                  }
                ],
                "resources": [],
                "sid": ""
              }
            ],
            "version": "2012-10-17"
          }
        }
      ]
    },
    {
      "module": "module.lambda.module.apigateway",
      "mode": "managed",
      "type": "aws_api_gateway_integration",
      "name": "integration",
      "provider": "provider.aws",
      "instances": [
        {
          "schema_version": 0,
          "attributes": {
            "cache_key_parameters": null,
            "cache_namespace": "0vettu",
            "connection_id": "",
            "connection_type": "INTERNET",
            "content_handling": "",
            "credentials": "",
            "http_method": "POST",
            "id": "agi-s2vwjbvez4-0vettu-POST",
            "integration_http_method": "POST",
            "passthrough_behavior": "WHEN_NO_MATCH",
            "request_parameters": null,
            "request_parameters_in_json": null,
            "request_templates": {
              "application/json": ""
            },
            "resource_id": "0vettu",
            "rest_api_id": "s2vwjbvez4",
            "timeout_milliseconds": 29000,
            "type": "AWS_PROXY",
            "uri": "arn:aws:apigateway:eu-west-2:lambda:path/2015-03-31/functions/arn:aws:lambda:eu-west-2:092607191580:function:ServerlessExample/invocations"
          },
          "private": "bnVsbA==",
          "dependencies": [
            "module.lambda.aws_iam_role.lambda_exec",
            "module.lambda.aws_lambda_function.lambda",
            "module.lambda.module.apigateway.aws_api_gateway_method.method",
            "module.lambda.module.apigateway.aws_api_gateway_resource.resource",
            "module.lambda.module.apigateway.aws_api_gateway_rest_api.api"
          ]
        }
      ]
    },
    {
      "module": "module.lambda.module.apigateway",
      "mode": "managed",
      "type": "aws_api_gateway_method",
      "name": "method",
      "provider": "provider.aws",
      "instances": [
        {
          "schema_version": 0,
          "attributes": {
            "api_key_required": false,
            "authorization": "NONE",
            "authorization_scopes": null,
            "authorizer_id": null,
            "http_method": "POST",
            "id": "agm-s2vwjbvez4-0vettu-POST",
            "request_models": {
              "application/json": "Error"
            },
            "request_parameters": null,
            "request_parameters_in_json": null,
            "request_validator_id": null,
            "resource_id": "0vettu",
            "rest_api_id": "s2vwjbvez4"
          },
          "private": "bnVsbA==",
          "dependencies": [
            "module.lambda.module.apigateway.aws_api_gateway_resource.resource",
            "module.lambda.module.apigateway.aws_api_gateway_rest_api.api"
          ]
        }
      ]
    },
    {
      "module": "module.lambda.module.apigateway",
      "mode": "managed",
      "type": "aws_api_gateway_resource",
      "name": "resource",
      "provider": "provider.aws",
      "instances": [
        {
          "schema_version": 0,
          "attributes": {
            "id": "0vettu",
            "parent_id": "tq2if27hm1",
            "path": "/resource",
            "path_part": "resource",
            "rest_api_id": "s2vwjbvez4"
          },
          "private": "bnVsbA==",
          "dependencies": [
            "module.lambda.module.apigateway.aws_api_gateway_rest_api.api"
          ]
        }
      ]
    },
    {
      "module": "module.lambda.module.apigateway",
      "mode": "managed",
      "type": "aws_api_gateway_rest_api",
      "name": "api",
      "provider": "provider.aws",
      "instances": [
        {
          "schema_version": 0,
          "attributes": {
            "api_key_source": "HEADER",
            "arn": "arn:aws:apigateway:eu-west-2::/restapis/s2vwjbvez4",
            "binary_media_types": null,
            "body": null,
            "created_date": "2020-03-18T22:56:58Z",
            "description": "Testing 123",
            "endpoint_configuration": [
              {
                "types": [
                  "EDGE"
                ],
                "vpc_endpoint_ids": []
              }
            ],
            "execution_arn": "arn:aws:execute-api:eu-west-2:092607191580:s2vwjbvez4",
            "id": "s2vwjbvez4",
            "minimum_compression_size": -1,
            "name": "zazuApiGateway",
            "policy": "",
            "root_resource_id": "tq2if27hm1",
            "tags": null
          },
          "private": "bnVsbA=="
        }
      ]
    },
    {
      "module": "module.lambda",
      "mode": "managed",
      "type": "aws_iam_role",
      "name": "lambda_exec",
      "provider": "provider.aws",
      "instances": [
        {
          "schema_version": 0,
          "attributes": {
            "arn": "arn:aws:iam::092607191580:role/serverless_example_lambda",
            "assume_role_policy": "{\"Version\":\"2012-10-17\",\"Statement\":[{\"Sid\":\"\",\"Effect\":\"Allow\",\"Principal\":{\"Service\":\"lambda.amazonaws.com\"},\"Action\":\"sts:AssumeRole\"}]}",
            "create_date": "2020-03-18T22:56:58Z",
            "description": "",
            "force_detach_policies": false,
            "id": "serverless_example_lambda",
            "max_session_duration": 3600,
            "name": "serverless_example_lambda",
            "name_prefix": null,
            "path": "/",
            "permissions_boundary": null,
            "tags": null,
            "unique_id": "AROARLD6RTIOMVZIOV6OO"
          },
          "private": "bnVsbA=="
        }
      ]
    },
    {
      "module": "module.lambda",
      "mode": "managed",
      "type": "aws_lambda_function",
      "name": "lambda",
      "provider": "provider.aws",
      "instances": [
        {
          "schema_version": 0,
          "attributes": {
            "arn": "arn:aws:lambda:eu-west-2:092607191580:function:ServerlessExample",
            "dead_letter_config": [],
            "description": "",
            "environment": [],
            "filename": "../../lambda/dist/example.zip",
            "function_name": "ServerlessExample",
            "handler": "index.handler",
            "id": "ServerlessExample",
            "invoke_arn": "arn:aws:apigateway:eu-west-2:lambda:path/2015-03-31/functions/arn:aws:lambda:eu-west-2:092607191580:function:ServerlessExample/invocations",
            "kms_key_arn": "",
            "last_modified": "2020-03-18T22:57:18.130+0000",
            "layers": null,
            "memory_size": 128,
            "publish": false,
            "qualified_arn": "arn:aws:lambda:eu-west-2:092607191580:function:ServerlessExample:$LATEST",
            "reserved_concurrent_executions": -1,
            "role": "arn:aws:iam::092607191580:role/serverless_example_lambda",
            "runtime": "nodejs10.x",
            "s3_bucket": null,
            "s3_key": null,
            "s3_object_version": null,
            "source_code_hash": "4v11aOaxdy/SOl60vQUVmAE3nI1ohEkH7zZdIEnZDHE=",
            "source_code_size": 7341498,
            "tags": null,
            "timeout": 3,
            "timeouts": null,
            "tracing_config": [
              {
                "mode": "PassThrough"
              }
            ],
            "version": "$LATEST",
            "vpc_config": []
          },
          "private": "eyJlMmJmYjczMC1lY2FhLTExZTYtOGY4OC0zNDM2M2JjN2M0YzAiOnsiY3JlYXRlIjo2MDAwMDAwMDAwMDB9fQ==",
          "dependencies": [
            "module.lambda.aws_iam_role.lambda_exec"
          ]
        }
      ]
    },
    {
      "module": "module.lambda",
      "mode": "managed",
      "type": "aws_lambda_permission",
      "name": "apigw",
      "provider": "provider.aws",
      "instances": [
        {
          "schema_version": 0,
          "attributes": {
            "action": "lambda:InvokeFunction",
            "event_source_token": null,
            "function_name": "ServerlessExample",
            "id": "AllowAPIGatewayInvoke",
            "principal": "apigateway.amazonaws.com",
            "qualifier": "",
            "source_account": null,
            "source_arn": "arn:aws:execute-api:eu-west-2:092607191580:s2vwjbvez4/*/*",
            "statement_id": "AllowAPIGatewayInvoke",
            "statement_id_prefix": null
          },
          "private": "bnVsbA==",
          "dependencies": [
            "module.lambda.aws_iam_role.lambda_exec",
            "module.lambda.aws_lambda_function.lambda",
            "module.lambda.module.apigateway.aws_api_gateway_rest_api.api"
          ]
        }
      ]
    },
    {
      "module": "module.s3",
      "mode": "managed",
      "type": "aws_s3_bucket",
      "name": "b",
      "provider": "provider.aws",
      "instances": [
        {
          "schema_version": 0,
          "attributes": {
            "acceleration_status": "",
            "acl": "private",
            "arn": "arn:aws:s3:::zazu-s3-bucket",
            "bucket": "zazu-s3-bucket",
            "bucket_domain_name": "zazu-s3-bucket.s3.amazonaws.com",
            "bucket_prefix": null,
            "bucket_regional_domain_name": "zazu-s3-bucket.s3.eu-west-2.amazonaws.com",
            "cors_rule": [],
            "force_destroy": false,
            "grant": [],
            "hosted_zone_id": "Z3GKZC51ZF0DB4",
            "id": "zazu-s3-bucket",
            "lifecycle_rule": [],
            "logging": [],
            "object_lock_configuration": [],
            "policy": null,
            "region": "eu-west-2",
            "replication_configuration": [],
            "request_payer": "BucketOwner",
            "server_side_encryption_configuration": [],
            "tags": null,
            "versioning": [
              {
                "enabled": false,
                "mfa_delete": false
              }
            ],
            "website": [],
            "website_domain": null,
            "website_endpoint": null
          },
          "private": "bnVsbA=="
        }
      ]
    },
    {
      "module": "module.s3_policy",
      "mode": "managed",
      "type": "aws_s3_bucket_policy",
      "name": "b",
      "provider": "provider.aws",
      "instances": [
        {
          "schema_version": 0,
          "attributes": {
            "bucket": "zazu-s3-bucket",
            "id": "zazu-s3-bucket",
            "policy": "{\n  \"Version\": \"2012-10-17\",\n  \"Id\": \"S3BUCKETPOLICY\",\n  \"Statement\": [\n    {\n      \"Sid\": \"IPAllow\",\n      \"Effect\": \"Deny\",\n      \"Principal\": \"*\",\n      \"Action\": \"s3:*\",\n      \"Resource\": \"arn:aws:s3:::zazu-s3-bucket/*\",\n      \"Condition\": {\n         \"IpAddress\": {\"aws:SourceIp\": \"8.8.8.8/32\"}\n      }\n    }\n  ]\n}\n"
          },
          "private": "bnVsbA==",
          "dependencies": [
            "module.s3.aws_s3_bucket.b"
          ]
        }
      ]
    }
  ]
}
